
Microsoft Visual Studio Solution File, Format Version 12.00
# Visual Studio Version 16
VisualStudioVersion = 16.0.30406.217
MinimumVisualStudioVersion = 10.0.40219.1
Project("{FAE04EC0-301F-11D3-BF4B-00C04F79EFBC}") = "AplicativoMvcBasico", "AplicativoMvcBasico\AplicativoMvcBasico.csproj", "{5779DB7A-1E57-4F36-BFEF-7F01EA8B2C3D}"
EndProject
Global
	GlobalSection(SolutionConfigurationPlatforms) = preSolution
		Debug|Any CPU = Debug|Any CPU
		Release|Any CPU = Release|Any CPU
	EndGlobalSection
	GlobalSection(ProjectConfigurationPlatforms) = postSolution
		{5779DB7A-1E57-4F36-BFEF-7F01EA8B2C3D}.Debug|Any CPU.ActiveCfg = Debug|Any CPU
		{5779DB7A-1E57-4F36-BFEF-7F01EA8B2C3D}.Debug|Any CPU.Build.0 = Debug|Any CPU
		{5779DB7A-1E57-4F36-BFEF-7F01EA8B2C3D}.Release|Any CPU.ActiveCfg = Release|Any CPU
		{5779DB7A-1E57-4F36-BFEF-7F01EA8B2C3D}.Release|Any CPU.Build.0 = Release|Any CPU
	EndGlobalSection
	GlobalSection(SolutionProperties) = preSolution
		HideSolutionNode = FALSE
	EndGlobalSection
	GlobalSection(ExtensibilityGlobals) = postSolution
		SolutionGuid = {0675601B-50CF-46F1-A285-BFE3A622C387}
	EndGlobalSection
EndGlobal
